{
  "version": 4,
  "terraform_version": "1.7.3",
  "serial": 94,
  "lineage": "8479f723-c8ff-9178-c122-c1955e6d70b4",
  "outputs": {
    "public_ip_address": {
      "value": "mtc-vm: 4.246.82.229",
      "type": "string"
    }
  },
  "resources": [
    {
      "mode": "data",
      "type": "azurerm_public_ip",
      "name": "mtc_ip_data",
      "provider": "provider[\"registry.terraform.io/hashicorp/azurerm\"]",
      "instances": [
        {
          "schema_version": 0,
          "attributes": {
            "allocation_method": "Dynamic",
            "domain_name_label": "",
            "fqdn": "",
            "id": "/subscriptions/da0c5887-9e8b-43b3-83eb-5586c330a121/resourceGroups/mtc-rg/providers/Microsoft.Network/publicIPAddresses/mtc-ip",
            "idle_timeout_in_minutes": 4,
            "ip_address": "4.246.82.229",
            "ip_tags": {},
            "ip_version": "IPv4",
            "location": "westus2",
            "name": "mtc-ip",
            "resource_group_name": "mtc-rg",
            "reverse_fqdn": "",
            "sku": "Basic",
            "tags": {
              "environment": "dev"
            },
            "timeouts": null,
            "zones": []
          },
          "sensitive_attributes": []
        }
      ]
    },
    {
      "mode": "managed",
      "type": "azurerm_linux_virtual_machine",
      "name": "mtc-vm",
      "provider": "provider[\"registry.terraform.io/hashicorp/azurerm\"]",
      "instances": [
        {
          "schema_version": 0,
          "attributes": {
            "additional_capabilities": [],
            "admin_password": null,
            "admin_ssh_key": [
              {
                "public_key": "ssh-rsa AAAAB3NzaC1yc2EAAAADAQABAAABgQDI5S35iJ2JlSXc0dMpTtTaFuzEDFf/entfxx1uWw0hJ/K/9qEDALvBCB57LY8KE7oOmt9CF2tGoVnz+sXmJMmhwcp8ZqUfDCsNUabQxPeoqmOW9M3kkZD0iR/M01G+hg4bDlpfYkF7dZ+slXHdryVNKWQ54sQYBrdLadHN8DDFPpXvS04vz2CQMl41rGMvC1166Z8sH/BQkTfYqcg+Otr8maNMPa2Q8YGpp+Uzk6/i4qU1HaMkiHJhyzHXsMIkSHimYKIhf81xUBhqqNm0sJh7XxxbYuWArMcZEXXq4xEvgUGsJXh+gWbTOHKnMeH+p629GZaP1j6wjtIXOLccljWBkHz9dlLOMNlIxafPROOpRoVHQ1GaEEhzmJwbF8VlWnFvFqYRLIJJxVpWVxIVtK7vrog6B0OEUsQb6CK79Jj+XO8G4RtNc764HKTKOkRWGM3wE4WjdcBfTWSvjGhhQo5/eC6QQTMOLYbqSMaTdUuSkb3qzkHLzY/Jchqoh1SdJ3s= ekuo1@LAB3-9261303757\n",
                "username": "adminuser"
              }
            ],
            "admin_username": "adminuser",
            "allow_extension_operations": true,
            "availability_set_id": "",
            "boot_diagnostics": [],
            "computer_name": "mtc-vm",
            "custom_data": "IyEvYmluL2Jhc2gKc3VkbyBhcHQtZ2V0IHVwZGF0ZSAteSAmJgpzdWRvIGFwdC1nZXQgaW5zdGFsbCAteSBcCmFwdC10cmFuc3BvcnQtaHR0cHMgXApjYS1jZXJ0aWZpY2F0ZXMgXApjdXJsIFwKZ251cGctYWdlbnQgXApzb2Z0d2FyZS1wcm9wZXJ0aWVzLWNvbW1vbiAmJgpjdXJsIC1mc1NMIGh0dHBzOi8vZG93bmxvYWQuZG9ja2VyLmNvbS9saW51eC91YnVudHUvZ3BnIHwgc3VkbyBhcHQta2V5IGFkZCAtICYmCnN1ZG8gYWRkLWFwdC1yZXBvc2l0b3J5ICJkZWIgW2FyY2g9YW1kNjRdIGh0dHBzOi8vZG93bmxvYWQuZG9ja2VyLmNvbS9saW51eC91YnVudHUgJChsc2JfcmVsZWFzZSAtY3MpIHN0YWJsZSIgJiYKc3VkbyBhcHQtZ2V0IHVwZGF0ZSAteSAmJgpzdWRvIHN1ZG8gYXB0LWdldCBpbnN0YWxsIGRvY2tlci1jZSBkb2NrZXItY2UtY2xpIGNvbnRhaW5lcmQuaW8gLXkgJiYKc3VkbyB1c2VybW9kIC1hRyBkb2NrZXIgdWJ1bnR1",
            "dedicated_host_group_id": "",
            "dedicated_host_id": "",
            "disable_password_authentication": true,
            "edge_zone": "",
            "encryption_at_host_enabled": false,
            "eviction_policy": "",
            "extensions_time_budget": "PT1H30M",
            "id": "/subscriptions/da0c5887-9e8b-43b3-83eb-5586c330a121/resourceGroups/mtc-rg/providers/Microsoft.Compute/virtualMachines/mtc-vm",
            "identity": [],
            "license_type": "",
            "location": "westus2",
            "max_bid_price": -1,
            "name": "mtc-vm",
            "network_interface_ids": [
              "/subscriptions/da0c5887-9e8b-43b3-83eb-5586c330a121/resourceGroups/mtc-rg/providers/Microsoft.Network/networkInterfaces/mtc-nic"
            ],
            "os_disk": [
              {
                "caching": "ReadWrite",
                "diff_disk_settings": [],
                "disk_encryption_set_id": "",
                "disk_size_gb": 30,
                "name": "mtc-vm_OsDisk_1_ca554289fd5b4f17a99559ca8c4bf000",
                "storage_account_type": "Standard_LRS",
                "write_accelerator_enabled": false
              }
            ],
            "patch_mode": "ImageDefault",
            "plan": [],
            "platform_fault_domain": -1,
            "priority": "Regular",
            "private_ip_address": "10.123.1.4",
            "private_ip_addresses": [
              "10.123.1.4"
            ],
            "provision_vm_agent": true,
            "proximity_placement_group_id": "",
            "public_ip_address": "4.246.82.229",
            "public_ip_addresses": [
              "4.246.82.229"
            ],
            "resource_group_name": "mtc-rg",
            "secret": [],
            "secure_boot_enabled": false,
            "size": "Standard_B1s",
            "source_image_id": "",
            "source_image_reference": [
              {
                "offer": "0001-com-ubuntu-server-jammy",
                "publisher": "Canonical",
                "sku": "22_04-lts",
                "version": "latest"
              }
            ],
            "tags": {},
            "termination_notification": [],
            "timeouts": null,
            "user_data": "",
            "virtual_machine_id": "3a48aeb3-313b-463c-b3a3-31e2bcaf5b75",
            "virtual_machine_scale_set_id": "",
            "vtpm_enabled": false,
            "zone": ""
          },
          "sensitive_attributes": [],
          "private": "eyJlMmJmYjczMC1lY2FhLTExZTYtOGY4OC0zNDM2M2JjN2M0YzAiOnsiY3JlYXRlIjoyNzAwMDAwMDAwMDAwLCJkZWxldGUiOjI3MDAwMDAwMDAwMDAsInJlYWQiOjMwMDAwMDAwMDAwMCwidXBkYXRlIjoyNzAwMDAwMDAwMDAwfX0=",
          "dependencies": [
            "azurerm_network_interface.mtc-nic",
            "azurerm_public_ip.mtc-ip",
            "azurerm_resource_group.mtc-rg",
            "azurerm_subnet.mtc-subnet",
            "azurerm_virtual_network.mtc-vn"
          ]
        }
      ]
    },
    {
      "mode": "managed",
      "type": "azurerm_network_interface",
      "name": "mtc-nic",
      "provider": "provider[\"registry.terraform.io/hashicorp/azurerm\"]",
      "instances": [
        {
          "schema_version": 0,
          "attributes": {
            "applied_dns_servers": [],
            "dns_servers": [],
            "edge_zone": "",
            "enable_accelerated_networking": false,
            "enable_ip_forwarding": false,
            "id": "/subscriptions/da0c5887-9e8b-43b3-83eb-5586c330a121/resourceGroups/mtc-rg/providers/Microsoft.Network/networkInterfaces/mtc-nic",
            "internal_dns_name_label": "",
            "internal_domain_name_suffix": "flczbflrh5tu1j0m4cfm4m2rsd.xx.internal.cloudapp.net",
            "ip_configuration": [
              {
                "gateway_load_balancer_frontend_ip_configuration_id": "",
                "name": "internal",
                "primary": true,
                "private_ip_address": "10.123.1.4",
                "private_ip_address_allocation": "Dynamic",
                "private_ip_address_version": "IPv4",
                "public_ip_address_id": "/subscriptions/da0c5887-9e8b-43b3-83eb-5586c330a121/resourceGroups/mtc-rg/providers/Microsoft.Network/publicIPAddresses/mtc-ip",
                "subnet_id": "/subscriptions/da0c5887-9e8b-43b3-83eb-5586c330a121/resourceGroups/mtc-rg/providers/Microsoft.Network/virtualNetworks/mtc-vn/subnets/mtc-subnet"
              }
            ],
            "location": "westus2",
            "mac_address": "00-22-48-B8-66-1F",
            "name": "mtc-nic",
            "private_ip_address": "10.123.1.4",
            "private_ip_addresses": [
              "10.123.1.4"
            ],
            "resource_group_name": "mtc-rg",
            "tags": {
              "environment": "dev"
            },
            "timeouts": null,
            "virtual_machine_id": "/subscriptions/da0c5887-9e8b-43b3-83eb-5586c330a121/resourceGroups/mtc-rg/providers/Microsoft.Compute/virtualMachines/mtc-vm"
          },
          "sensitive_attributes": [],
          "private": "eyJlMmJmYjczMC1lY2FhLTExZTYtOGY4OC0zNDM2M2JjN2M0YzAiOnsiY3JlYXRlIjoxODAwMDAwMDAwMDAwLCJkZWxldGUiOjE4MDAwMDAwMDAwMDAsInJlYWQiOjMwMDAwMDAwMDAwMCwidXBkYXRlIjoxODAwMDAwMDAwMDAwfX0=",
          "dependencies": [
            "azurerm_public_ip.mtc-ip",
            "azurerm_resource_group.mtc-rg",
            "azurerm_subnet.mtc-subnet",
            "azurerm_virtual_network.mtc-vn"
          ]
        }
      ]
    },
    {
      "mode": "managed",
      "type": "azurerm_network_security_group",
      "name": "mtc-sg",
      "provider": "provider[\"registry.terraform.io/hashicorp/azurerm\"]",
      "instances": [
        {
          "schema_version": 0,
          "attributes": {
            "id": "/subscriptions/da0c5887-9e8b-43b3-83eb-5586c330a121/resourceGroups/mtc-rg/providers/Microsoft.Network/networkSecurityGroups/mtc-sg",
            "location": "westus2",
            "name": "mtc-sg",
            "resource_group_name": "mtc-rg",
            "security_rule": [
              {
                "access": "Allow",
                "description": "",
                "destination_address_prefix": "*",
                "destination_address_prefixes": [],
                "destination_application_security_group_ids": [],
                "destination_port_range": "*",
                "destination_port_ranges": [],
                "direction": "Inbound",
                "name": "mtv-dev-rule",
                "priority": 100,
                "protocol": "*",
                "source_address_prefix": "103.51.113.10/32",
                "source_address_prefixes": [],
                "source_application_security_group_ids": [],
                "source_port_range": "*",
                "source_port_ranges": []
              }
            ],
            "tags": {
              "environment": "dev"
            },
            "timeouts": null
          },
          "sensitive_attributes": [],
          "private": "eyJlMmJmYjczMC1lY2FhLTExZTYtOGY4OC0zNDM2M2JjN2M0YzAiOnsiY3JlYXRlIjoxODAwMDAwMDAwMDAwLCJkZWxldGUiOjE4MDAwMDAwMDAwMDAsInJlYWQiOjMwMDAwMDAwMDAwMCwidXBkYXRlIjoxODAwMDAwMDAwMDAwfX0=",
          "dependencies": [
            "azurerm_resource_group.mtc-rg"
          ]
        }
      ]
    },
    {
      "mode": "managed",
      "type": "azurerm_network_security_rule",
      "name": "mtc-dev-rule",
      "provider": "provider[\"registry.terraform.io/hashicorp/azurerm\"]",
      "instances": [
        {
          "schema_version": 0,
          "attributes": {
            "access": "Allow",
            "description": "",
            "destination_address_prefix": "*",
            "destination_address_prefixes": [],
            "destination_application_security_group_ids": [],
            "destination_port_range": "*",
            "destination_port_ranges": [],
            "direction": "Inbound",
            "id": "/subscriptions/da0c5887-9e8b-43b3-83eb-5586c330a121/resourceGroups/mtc-rg/providers/Microsoft.Network/networkSecurityGroups/mtc-sg/securityRules/mtv-dev-rule",
            "name": "mtv-dev-rule",
            "network_security_group_name": "mtc-sg",
            "priority": 100,
            "protocol": "*",
            "resource_group_name": "mtc-rg",
            "source_address_prefix": "103.51.113.10/32",
            "source_address_prefixes": [],
            "source_application_security_group_ids": [],
            "source_port_range": "*",
            "source_port_ranges": [],
            "timeouts": null
          },
          "sensitive_attributes": [],
          "private": "eyJlMmJmYjczMC1lY2FhLTExZTYtOGY4OC0zNDM2M2JjN2M0YzAiOnsiY3JlYXRlIjoxODAwMDAwMDAwMDAwLCJkZWxldGUiOjE4MDAwMDAwMDAwMDAsInJlYWQiOjMwMDAwMDAwMDAwMCwidXBkYXRlIjoxODAwMDAwMDAwMDAwfX0=",
          "dependencies": [
            "azurerm_network_security_group.mtc-sg",
            "azurerm_resource_group.mtc-rg"
          ]
        }
      ]
    },
    {
      "mode": "managed",
      "type": "azurerm_public_ip",
      "name": "mtc-ip",
      "provider": "provider[\"registry.terraform.io/hashicorp/azurerm\"]",
      "instances": [
        {
          "schema_version": 0,
          "attributes": {
            "allocation_method": "Dynamic",
            "domain_name_label": null,
            "edge_zone": "",
            "fqdn": null,
            "id": "/subscriptions/da0c5887-9e8b-43b3-83eb-5586c330a121/resourceGroups/mtc-rg/providers/Microsoft.Network/publicIPAddresses/mtc-ip",
            "idle_timeout_in_minutes": 4,
            "ip_address": "4.246.82.229",
            "ip_tags": {},
            "ip_version": "IPv4",
            "location": "westus2",
            "name": "mtc-ip",
            "public_ip_prefix_id": null,
            "resource_group_name": "mtc-rg",
            "reverse_fqdn": null,
            "sku": "Basic",
            "sku_tier": "Regional",
            "tags": {
              "environment": "dev"
            },
            "timeouts": null,
            "zones": []
          },
          "sensitive_attributes": [],
          "private": "eyJlMmJmYjczMC1lY2FhLTExZTYtOGY4OC0zNDM2M2JjN2M0YzAiOnsiY3JlYXRlIjoxODAwMDAwMDAwMDAwLCJkZWxldGUiOjE4MDAwMDAwMDAwMDAsInJlYWQiOjMwMDAwMDAwMDAwMCwidXBkYXRlIjoxODAwMDAwMDAwMDAwfX0=",
          "dependencies": [
            "azurerm_resource_group.mtc-rg"
          ]
        }
      ]
    },
    {
      "mode": "managed",
      "type": "azurerm_resource_group",
      "name": "mtc-rg",
      "provider": "provider[\"registry.terraform.io/hashicorp/azurerm\"]",
      "instances": [
        {
          "schema_version": 0,
          "attributes": {
            "id": "/subscriptions/da0c5887-9e8b-43b3-83eb-5586c330a121/resourceGroups/mtc-rg",
            "location": "westus2",
            "name": "mtc-rg",
            "tags": {
              "environment": "dev"
            },
            "timeouts": null
          },
          "sensitive_attributes": [],
          "private": "eyJlMmJmYjczMC1lY2FhLTExZTYtOGY4OC0zNDM2M2JjN2M0YzAiOnsiY3JlYXRlIjo1NDAwMDAwMDAwMDAwLCJkZWxldGUiOjU0MDAwMDAwMDAwMDAsInJlYWQiOjMwMDAwMDAwMDAwMCwidXBkYXRlIjo1NDAwMDAwMDAwMDAwfX0="
        }
      ]
    },
    {
      "mode": "managed",
      "type": "azurerm_subnet",
      "name": "mtc-subnet",
      "provider": "provider[\"registry.terraform.io/hashicorp/azurerm\"]",
      "instances": [
        {
          "schema_version": 0,
          "attributes": {
            "address_prefixes": [
              "10.123.1.0/24"
            ],
            "delegation": [],
            "enforce_private_link_endpoint_network_policies": false,
            "enforce_private_link_service_network_policies": false,
            "id": "/subscriptions/da0c5887-9e8b-43b3-83eb-5586c330a121/resourceGroups/mtc-rg/providers/Microsoft.Network/virtualNetworks/mtc-vn/subnets/mtc-subnet",
            "name": "mtc-subnet",
            "resource_group_name": "mtc-rg",
            "service_endpoint_policy_ids": [],
            "service_endpoints": [],
            "timeouts": null,
            "virtual_network_name": "mtc-vn"
          },
          "sensitive_attributes": [],
          "private": "eyJlMmJmYjczMC1lY2FhLTExZTYtOGY4OC0zNDM2M2JjN2M0YzAiOnsiY3JlYXRlIjoxODAwMDAwMDAwMDAwLCJkZWxldGUiOjE4MDAwMDAwMDAwMDAsInJlYWQiOjMwMDAwMDAwMDAwMCwidXBkYXRlIjoxODAwMDAwMDAwMDAwfX0=",
          "dependencies": [
            "azurerm_resource_group.mtc-rg",
            "azurerm_virtual_network.mtc-vn"
          ]
        }
      ]
    },
    {
      "mode": "managed",
      "type": "azurerm_subnet_network_security_group_association",
      "name": "mtc-sga",
      "provider": "provider[\"registry.terraform.io/hashicorp/azurerm\"]",
      "instances": [
        {
          "schema_version": 0,
          "attributes": {
            "id": "/subscriptions/da0c5887-9e8b-43b3-83eb-5586c330a121/resourceGroups/mtc-rg/providers/Microsoft.Network/virtualNetworks/mtc-vn/subnets/mtc-subnet",
            "network_security_group_id": "/subscriptions/da0c5887-9e8b-43b3-83eb-5586c330a121/resourceGroups/mtc-rg/providers/Microsoft.Network/networkSecurityGroups/mtc-sg",
            "subnet_id": "/subscriptions/da0c5887-9e8b-43b3-83eb-5586c330a121/resourceGroups/mtc-rg/providers/Microsoft.Network/virtualNetworks/mtc-vn/subnets/mtc-subnet",
            "timeouts": null
          },
          "sensitive_attributes": [],
          "private": "eyJlMmJmYjczMC1lY2FhLTExZTYtOGY4OC0zNDM2M2JjN2M0YzAiOnsiY3JlYXRlIjoxODAwMDAwMDAwMDAwLCJkZWxldGUiOjE4MDAwMDAwMDAwMDAsInJlYWQiOjMwMDAwMDAwMDAwMCwidXBkYXRlIjoxODAwMDAwMDAwMDAwfX0=",
          "dependencies": [
            "azurerm_network_security_group.mtc-sg",
            "azurerm_resource_group.mtc-rg",
            "azurerm_subnet.mtc-subnet",
            "azurerm_virtual_network.mtc-vn"
          ]
        }
      ]
    },
    {
      "mode": "managed",
      "type": "azurerm_virtual_network",
      "name": "mtc-vn",
      "provider": "provider[\"registry.terraform.io/hashicorp/azurerm\"]",
      "instances": [
        {
          "schema_version": 0,
          "attributes": {
            "address_space": [
              "10.123.0.0/16"
            ],
            "bgp_community": "",
            "ddos_protection_plan": [],
            "dns_servers": [],
            "edge_zone": "",
            "flow_timeout_in_minutes": 0,
            "guid": "9590c52a-3f71-4de7-a74c-f08acf339193",
            "id": "/subscriptions/da0c5887-9e8b-43b3-83eb-5586c330a121/resourceGroups/mtc-rg/providers/Microsoft.Network/virtualNetworks/mtc-vn",
            "location": "westus2",
            "name": "mtc-vn",
            "resource_group_name": "mtc-rg",
            "subnet": [
              {
                "address_prefix": "10.123.1.0/24",
                "id": "/subscriptions/da0c5887-9e8b-43b3-83eb-5586c330a121/resourceGroups/mtc-rg/providers/Microsoft.Network/virtualNetworks/mtc-vn/subnets/mtc-subnet",
                "name": "mtc-subnet",
                "security_group": "/subscriptions/da0c5887-9e8b-43b3-83eb-5586c330a121/resourceGroups/mtc-rg/providers/Microsoft.Network/networkSecurityGroups/mtc-sg"
              }
            ],
            "tags": {
              "environment": "dev"
            },
            "timeouts": null
          },
          "sensitive_attributes": [],
          "private": "eyJlMmJmYjczMC1lY2FhLTExZTYtOGY4OC0zNDM2M2JjN2M0YzAiOnsiY3JlYXRlIjoxODAwMDAwMDAwMDAwLCJkZWxldGUiOjE4MDAwMDAwMDAwMDAsInJlYWQiOjMwMDAwMDAwMDAwMCwidXBkYXRlIjoxODAwMDAwMDAwMDAwfX0=",
          "dependencies": [
            "azurerm_resource_group.mtc-rg"
          ]
        }
      ]
    }
  ],
  "check_results": null
}
